
Microsoft Visual Studio Solution File, Format Version 12.00
# Visual Studio Version 17
VisualStudioVersion = 17.5.2.0
MinimumVisualStudioVersion = 10.0.40219.1
Project("{2150E333-8FDC-42A3-9474-1A3956D46DE8}") = "September", "September", "{B3FCB958-131A-5878-93F8-32BE540FF096}"
EndProject
Project("{2150E333-8FDC-42A3-9474-1A3956D46DE8}") = "September11", "September11", "{AA20BEF9-2A65-CDA3-AEE4-6F8F477A29C8}"
EndProject
Project("{FAE04EC0-301F-11D3-BF4B-00C04F79EFBC}") = "Task1", "September\September11\Task1\Task1.csproj", "{87139B3E-87BB-4765-996E-CA5C94A005BA}"
EndProject
Project("{FAE04EC0-301F-11D3-BF4B-00C04F79EFBC}") = "Task2", "September\September11\Task2\Task2.csproj", "{1ED8BB5D-4D46-4B42-82B4-E521E3E73212}"
EndProject
Project("{FAE04EC0-301F-11D3-BF4B-00C04F79EFBC}") = "Task3", "September\September11\Task3\Task3.csproj", "{4A6C1894-DAB2-4220-A788-4F2E15CC5973}"
EndProject
Project("{FAE04EC0-301F-11D3-BF4B-00C04F79EFBC}") = "Task4", "September\September11\Task4\Task4.csproj", "{0E921D30-5CBB-45A6-982D-B69F09DB6D3C}"
EndProject
Project("{FAE04EC0-301F-11D3-BF4B-00C04F79EFBC}") = "Task11_22", "September\September22\Task11_22\Task11_22.csproj", "{7146CF4C-957A-4D1A-A705-0C72C13590A0}"
EndProject
Project("{2150E333-8FDC-42A3-9474-1A3956D46DE8}") = "September22", "September22", "{7FFEB262-F23A-8582-146E-873242AAE6DF}"
EndProject
Project("{FAE04EC0-301F-11D3-BF4B-00C04F79EFBC}") = "Task2_22", "September\September22\Task2_22\Task2_22.csproj", "{647A1C79-ACFF-458C-B88F-C9225F09F2D8}"
EndProject
Project("{FAE04EC0-301F-11D3-BF4B-00C04F79EFBC}") = "Task3_22", "September\September22\Task3_22\Task3_22.csproj", "{CB88FB9C-3C69-44D6-AB93-72D4D6F53CE2}"
EndProject
Project("{FAE04EC0-301F-11D3-BF4B-00C04F79EFBC}") = "Task4_22", "September\September22\Task4_22\Task4_22.csproj", "{90A85E20-44AA-4257-8AC2-1830CC28B81E}"
EndProject
Project("{FAE04EC0-301F-11D3-BF4B-00C04F79EFBC}") = "Task5_22", "September\September22\Task5_22\Task5_22.csproj", "{3FA5A51C-5F8F-4C06-A153-D78C8AF3FD3F}"
EndProject
Project("{FAE04EC0-301F-11D3-BF4B-00C04F79EFBC}") = "Task6_22", "September\September22\Task6_22\Task6_22.csproj", "{EECCA79F-38F7-4B07-B882-336E37802625}"
EndProject
Project("{FAE04EC0-301F-11D3-BF4B-00C04F79EFBC}") = "Task7_22", "September\September22\Task7_22\Task7_22.csproj", "{2B1F7C8D-49AA-4831-97FE-1854DC1A363A}"
EndProject
Project("{FAE04EC0-301F-11D3-BF4B-00C04F79EFBC}") = "Task8_22", "September\September22\Task8_22\Task8_22.csproj", "{B0E10347-F680-44D0-82E2-77A027E7F1D7}"
EndProject
Global
	GlobalSection(SolutionConfigurationPlatforms) = preSolution
		Debug|Any CPU = Debug|Any CPU
		Debug|x64 = Debug|x64
		Debug|x86 = Debug|x86
		Release|Any CPU = Release|Any CPU
		Release|x64 = Release|x64
		Release|x86 = Release|x86
	EndGlobalSection
	GlobalSection(ProjectConfigurationPlatforms) = postSolution
		{87139B3E-87BB-4765-996E-CA5C94A005BA}.Debug|Any CPU.ActiveCfg = Debug|Any CPU
		{87139B3E-87BB-4765-996E-CA5C94A005BA}.Debug|Any CPU.Build.0 = Debug|Any CPU
		{87139B3E-87BB-4765-996E-CA5C94A005BA}.Debug|x64.ActiveCfg = Debug|Any CPU
		{87139B3E-87BB-4765-996E-CA5C94A005BA}.Debug|x64.Build.0 = Debug|Any CPU
		{87139B3E-87BB-4765-996E-CA5C94A005BA}.Debug|x86.ActiveCfg = Debug|Any CPU
		{87139B3E-87BB-4765-996E-CA5C94A005BA}.Debug|x86.Build.0 = Debug|Any CPU
		{87139B3E-87BB-4765-996E-CA5C94A005BA}.Release|Any CPU.ActiveCfg = Release|Any CPU
		{87139B3E-87BB-4765-996E-CA5C94A005BA}.Release|Any CPU.Build.0 = Release|Any CPU
		{87139B3E-87BB-4765-996E-CA5C94A005BA}.Release|x64.ActiveCfg = Release|Any CPU
		{87139B3E-87BB-4765-996E-CA5C94A005BA}.Release|x64.Build.0 = Release|Any CPU
		{87139B3E-87BB-4765-996E-CA5C94A005BA}.Release|x86.ActiveCfg = Release|Any CPU
		{87139B3E-87BB-4765-996E-CA5C94A005BA}.Release|x86.Build.0 = Release|Any CPU
		{1ED8BB5D-4D46-4B42-82B4-E521E3E73212}.Debug|Any CPU.ActiveCfg = Debug|Any CPU
		{1ED8BB5D-4D46-4B42-82B4-E521E3E73212}.Debug|Any CPU.Build.0 = Debug|Any CPU
		{1ED8BB5D-4D46-4B42-82B4-E521E3E73212}.Debug|x64.ActiveCfg = Debug|Any CPU
		{1ED8BB5D-4D46-4B42-82B4-E521E3E73212}.Debug|x64.Build.0 = Debug|Any CPU
		{1ED8BB5D-4D46-4B42-82B4-E521E3E73212}.Debug|x86.ActiveCfg = Debug|Any CPU
		{1ED8BB5D-4D46-4B42-82B4-E521E3E73212}.Debug|x86.Build.0 = Debug|Any CPU
		{1ED8BB5D-4D46-4B42-82B4-E521E3E73212}.Release|Any CPU.ActiveCfg = Release|Any CPU
		{1ED8BB5D-4D46-4B42-82B4-E521E3E73212}.Release|Any CPU.Build.0 = Release|Any CPU
		{1ED8BB5D-4D46-4B42-82B4-E521E3E73212}.Release|x64.ActiveCfg = Release|Any CPU
		{1ED8BB5D-4D46-4B42-82B4-E521E3E73212}.Release|x64.Build.0 = Release|Any CPU
		{1ED8BB5D-4D46-4B42-82B4-E521E3E73212}.Release|x86.ActiveCfg = Release|Any CPU
		{1ED8BB5D-4D46-4B42-82B4-E521E3E73212}.Release|x86.Build.0 = Release|Any CPU
		{4A6C1894-DAB2-4220-A788-4F2E15CC5973}.Debug|Any CPU.ActiveCfg = Debug|Any CPU
		{4A6C1894-DAB2-4220-A788-4F2E15CC5973}.Debug|Any CPU.Build.0 = Debug|Any CPU
		{4A6C1894-DAB2-4220-A788-4F2E15CC5973}.Debug|x64.ActiveCfg = Debug|Any CPU
		{4A6C1894-DAB2-4220-A788-4F2E15CC5973}.Debug|x64.Build.0 = Debug|Any CPU
		{4A6C1894-DAB2-4220-A788-4F2E15CC5973}.Debug|x86.ActiveCfg = Debug|Any CPU
		{4A6C1894-DAB2-4220-A788-4F2E15CC5973}.Debug|x86.Build.0 = Debug|Any CPU
		{4A6C1894-DAB2-4220-A788-4F2E15CC5973}.Release|Any CPU.ActiveCfg = Release|Any CPU
		{4A6C1894-DAB2-4220-A788-4F2E15CC5973}.Release|Any CPU.Build.0 = Release|Any CPU
		{4A6C1894-DAB2-4220-A788-4F2E15CC5973}.Release|x64.ActiveCfg = Release|Any CPU
		{4A6C1894-DAB2-4220-A788-4F2E15CC5973}.Release|x64.Build.0 = Release|Any CPU
		{4A6C1894-DAB2-4220-A788-4F2E15CC5973}.Release|x86.ActiveCfg = Release|Any CPU
		{4A6C1894-DAB2-4220-A788-4F2E15CC5973}.Release|x86.Build.0 = Release|Any CPU
		{0E921D30-5CBB-45A6-982D-B69F09DB6D3C}.Debug|Any CPU.ActiveCfg = Debug|Any CPU
		{0E921D30-5CBB-45A6-982D-B69F09DB6D3C}.Debug|Any CPU.Build.0 = Debug|Any CPU
		{0E921D30-5CBB-45A6-982D-B69F09DB6D3C}.Debug|x64.ActiveCfg = Debug|Any CPU
		{0E921D30-5CBB-45A6-982D-B69F09DB6D3C}.Debug|x64.Build.0 = Debug|Any CPU
		{0E921D30-5CBB-45A6-982D-B69F09DB6D3C}.Debug|x86.ActiveCfg = Debug|Any CPU
		{0E921D30-5CBB-45A6-982D-B69F09DB6D3C}.Debug|x86.Build.0 = Debug|Any CPU
		{0E921D30-5CBB-45A6-982D-B69F09DB6D3C}.Release|Any CPU.ActiveCfg = Release|Any CPU
		{0E921D30-5CBB-45A6-982D-B69F09DB6D3C}.Release|Any CPU.Build.0 = Release|Any CPU
		{0E921D30-5CBB-45A6-982D-B69F09DB6D3C}.Release|x64.ActiveCfg = Release|Any CPU
		{0E921D30-5CBB-45A6-982D-B69F09DB6D3C}.Release|x64.Build.0 = Release|Any CPU
		{0E921D30-5CBB-45A6-982D-B69F09DB6D3C}.Release|x86.ActiveCfg = Release|Any CPU
		{0E921D30-5CBB-45A6-982D-B69F09DB6D3C}.Release|x86.Build.0 = Release|Any CPU
		{7146CF4C-957A-4D1A-A705-0C72C13590A0}.Debug|Any CPU.ActiveCfg = Debug|Any CPU
		{7146CF4C-957A-4D1A-A705-0C72C13590A0}.Debug|Any CPU.Build.0 = Debug|Any CPU
		{7146CF4C-957A-4D1A-A705-0C72C13590A0}.Debug|x64.ActiveCfg = Debug|Any CPU
		{7146CF4C-957A-4D1A-A705-0C72C13590A0}.Debug|x64.Build.0 = Debug|Any CPU
		{7146CF4C-957A-4D1A-A705-0C72C13590A0}.Debug|x86.ActiveCfg = Debug|Any CPU
		{7146CF4C-957A-4D1A-A705-0C72C13590A0}.Debug|x86.Build.0 = Debug|Any CPU
		{7146CF4C-957A-4D1A-A705-0C72C13590A0}.Release|Any CPU.ActiveCfg = Release|Any CPU
		{7146CF4C-957A-4D1A-A705-0C72C13590A0}.Release|Any CPU.Build.0 = Release|Any CPU
		{7146CF4C-957A-4D1A-A705-0C72C13590A0}.Release|x64.ActiveCfg = Release|Any CPU
		{7146CF4C-957A-4D1A-A705-0C72C13590A0}.Release|x64.Build.0 = Release|Any CPU
		{7146CF4C-957A-4D1A-A705-0C72C13590A0}.Release|x86.ActiveCfg = Release|Any CPU
		{7146CF4C-957A-4D1A-A705-0C72C13590A0}.Release|x86.Build.0 = Release|Any CPU
		{647A1C79-ACFF-458C-B88F-C9225F09F2D8}.Debug|Any CPU.ActiveCfg = Debug|Any CPU
		{647A1C79-ACFF-458C-B88F-C9225F09F2D8}.Debug|Any CPU.Build.0 = Debug|Any CPU
		{647A1C79-ACFF-458C-B88F-C9225F09F2D8}.Debug|x64.ActiveCfg = Debug|Any CPU
		{647A1C79-ACFF-458C-B88F-C9225F09F2D8}.Debug|x64.Build.0 = Debug|Any CPU
		{647A1C79-ACFF-458C-B88F-C9225F09F2D8}.Debug|x86.ActiveCfg = Debug|Any CPU
		{647A1C79-ACFF-458C-B88F-C9225F09F2D8}.Debug|x86.Build.0 = Debug|Any CPU
		{647A1C79-ACFF-458C-B88F-C9225F09F2D8}.Release|Any CPU.ActiveCfg = Release|Any CPU
		{647A1C79-ACFF-458C-B88F-C9225F09F2D8}.Release|Any CPU.Build.0 = Release|Any CPU
		{647A1C79-ACFF-458C-B88F-C9225F09F2D8}.Release|x64.ActiveCfg = Release|Any CPU
		{647A1C79-ACFF-458C-B88F-C9225F09F2D8}.Release|x64.Build.0 = Release|Any CPU
		{647A1C79-ACFF-458C-B88F-C9225F09F2D8}.Release|x86.ActiveCfg = Release|Any CPU
		{647A1C79-ACFF-458C-B88F-C9225F09F2D8}.Release|x86.Build.0 = Release|Any CPU
		{CB88FB9C-3C69-44D6-AB93-72D4D6F53CE2}.Debug|Any CPU.ActiveCfg = Debug|Any CPU
		{CB88FB9C-3C69-44D6-AB93-72D4D6F53CE2}.Debug|Any CPU.Build.0 = Debug|Any CPU
		{CB88FB9C-3C69-44D6-AB93-72D4D6F53CE2}.Debug|x64.ActiveCfg = Debug|Any CPU
		{CB88FB9C-3C69-44D6-AB93-72D4D6F53CE2}.Debug|x64.Build.0 = Debug|Any CPU
		{CB88FB9C-3C69-44D6-AB93-72D4D6F53CE2}.Debug|x86.ActiveCfg = Debug|Any CPU
		{CB88FB9C-3C69-44D6-AB93-72D4D6F53CE2}.Debug|x86.Build.0 = Debug|Any CPU
		{CB88FB9C-3C69-44D6-AB93-72D4D6F53CE2}.Release|Any CPU.ActiveCfg = Release|Any CPU
		{CB88FB9C-3C69-44D6-AB93-72D4D6F53CE2}.Release|Any CPU.Build.0 = Release|Any CPU
		{CB88FB9C-3C69-44D6-AB93-72D4D6F53CE2}.Release|x64.ActiveCfg = Release|Any CPU
		{CB88FB9C-3C69-44D6-AB93-72D4D6F53CE2}.Release|x64.Build.0 = Release|Any CPU
		{CB88FB9C-3C69-44D6-AB93-72D4D6F53CE2}.Release|x86.ActiveCfg = Release|Any CPU
		{CB88FB9C-3C69-44D6-AB93-72D4D6F53CE2}.Release|x86.Build.0 = Release|Any CPU
		{90A85E20-44AA-4257-8AC2-1830CC28B81E}.Debug|Any CPU.ActiveCfg = Debug|Any CPU
		{90A85E20-44AA-4257-8AC2-1830CC28B81E}.Debug|Any CPU.Build.0 = Debug|Any CPU
		{90A85E20-44AA-4257-8AC2-1830CC28B81E}.Debug|x64.ActiveCfg = Debug|Any CPU
		{90A85E20-44AA-4257-8AC2-1830CC28B81E}.Debug|x64.Build.0 = Debug|Any CPU
		{90A85E20-44AA-4257-8AC2-1830CC28B81E}.Debug|x86.ActiveCfg = Debug|Any CPU
		{90A85E20-44AA-4257-8AC2-1830CC28B81E}.Debug|x86.Build.0 = Debug|Any CPU
		{90A85E20-44AA-4257-8AC2-1830CC28B81E}.Release|Any CPU.ActiveCfg = Release|Any CPU
		{90A85E20-44AA-4257-8AC2-1830CC28B81E}.Release|Any CPU.Build.0 = Release|Any CPU
		{90A85E20-44AA-4257-8AC2-1830CC28B81E}.Release|x64.ActiveCfg = Release|Any CPU
		{90A85E20-44AA-4257-8AC2-1830CC28B81E}.Release|x64.Build.0 = Release|Any CPU
		{90A85E20-44AA-4257-8AC2-1830CC28B81E}.Release|x86.ActiveCfg = Release|Any CPU
		{90A85E20-44AA-4257-8AC2-1830CC28B81E}.Release|x86.Build.0 = Release|Any CPU
		{3FA5A51C-5F8F-4C06-A153-D78C8AF3FD3F}.Debug|Any CPU.ActiveCfg = Debug|Any CPU
		{3FA5A51C-5F8F-4C06-A153-D78C8AF3FD3F}.Debug|Any CPU.Build.0 = Debug|Any CPU
		{3FA5A51C-5F8F-4C06-A153-D78C8AF3FD3F}.Debug|x64.ActiveCfg = Debug|Any CPU
		{3FA5A51C-5F8F-4C06-A153-D78C8AF3FD3F}.Debug|x64.Build.0 = Debug|Any CPU
		{3FA5A51C-5F8F-4C06-A153-D78C8AF3FD3F}.Debug|x86.ActiveCfg = Debug|Any CPU
		{3FA5A51C-5F8F-4C06-A153-D78C8AF3FD3F}.Debug|x86.Build.0 = Debug|Any CPU
		{3FA5A51C-5F8F-4C06-A153-D78C8AF3FD3F}.Release|Any CPU.ActiveCfg = Release|Any CPU
		{3FA5A51C-5F8F-4C06-A153-D78C8AF3FD3F}.Release|Any CPU.Build.0 = Release|Any CPU
		{3FA5A51C-5F8F-4C06-A153-D78C8AF3FD3F}.Release|x64.ActiveCfg = Release|Any CPU
		{3FA5A51C-5F8F-4C06-A153-D78C8AF3FD3F}.Release|x64.Build.0 = Release|Any CPU
		{3FA5A51C-5F8F-4C06-A153-D78C8AF3FD3F}.Release|x86.ActiveCfg = Release|Any CPU
		{3FA5A51C-5F8F-4C06-A153-D78C8AF3FD3F}.Release|x86.Build.0 = Release|Any CPU
		{EECCA79F-38F7-4B07-B882-336E37802625}.Debug|Any CPU.ActiveCfg = Debug|Any CPU
		{EECCA79F-38F7-4B07-B882-336E37802625}.Debug|Any CPU.Build.0 = Debug|Any CPU
		{EECCA79F-38F7-4B07-B882-336E37802625}.Debug|x64.ActiveCfg = Debug|Any CPU
		{EECCA79F-38F7-4B07-B882-336E37802625}.Debug|x64.Build.0 = Debug|Any CPU
		{EECCA79F-38F7-4B07-B882-336E37802625}.Debug|x86.ActiveCfg = Debug|Any CPU
		{EECCA79F-38F7-4B07-B882-336E37802625}.Debug|x86.Build.0 = Debug|Any CPU
		{EECCA79F-38F7-4B07-B882-336E37802625}.Release|Any CPU.ActiveCfg = Release|Any CPU
		{EECCA79F-38F7-4B07-B882-336E37802625}.Release|Any CPU.Build.0 = Release|Any CPU
		{EECCA79F-38F7-4B07-B882-336E37802625}.Release|x64.ActiveCfg = Release|Any CPU
		{EECCA79F-38F7-4B07-B882-336E37802625}.Release|x64.Build.0 = Release|Any CPU
		{EECCA79F-38F7-4B07-B882-336E37802625}.Release|x86.ActiveCfg = Release|Any CPU
		{EECCA79F-38F7-4B07-B882-336E37802625}.Release|x86.Build.0 = Release|Any CPU
		{2B1F7C8D-49AA-4831-97FE-1854DC1A363A}.Debug|Any CPU.ActiveCfg = Debug|Any CPU
		{2B1F7C8D-49AA-4831-97FE-1854DC1A363A}.Debug|Any CPU.Build.0 = Debug|Any CPU
		{2B1F7C8D-49AA-4831-97FE-1854DC1A363A}.Debug|x64.ActiveCfg = Debug|Any CPU
		{2B1F7C8D-49AA-4831-97FE-1854DC1A363A}.Debug|x64.Build.0 = Debug|Any CPU
		{2B1F7C8D-49AA-4831-97FE-1854DC1A363A}.Debug|x86.ActiveCfg = Debug|Any CPU
		{2B1F7C8D-49AA-4831-97FE-1854DC1A363A}.Debug|x86.Build.0 = Debug|Any CPU
		{2B1F7C8D-49AA-4831-97FE-1854DC1A363A}.Release|Any CPU.ActiveCfg = Release|Any CPU
		{2B1F7C8D-49AA-4831-97FE-1854DC1A363A}.Release|Any CPU.Build.0 = Release|Any CPU
		{2B1F7C8D-49AA-4831-97FE-1854DC1A363A}.Release|x64.ActiveCfg = Release|Any CPU
		{2B1F7C8D-49AA-4831-97FE-1854DC1A363A}.Release|x64.Build.0 = Release|Any CPU
		{2B1F7C8D-49AA-4831-97FE-1854DC1A363A}.Release|x86.ActiveCfg = Release|Any CPU
		{2B1F7C8D-49AA-4831-97FE-1854DC1A363A}.Release|x86.Build.0 = Release|Any CPU
		{B0E10347-F680-44D0-82E2-77A027E7F1D7}.Debug|Any CPU.ActiveCfg = Debug|Any CPU
		{B0E10347-F680-44D0-82E2-77A027E7F1D7}.Debug|Any CPU.Build.0 = Debug|Any CPU
		{B0E10347-F680-44D0-82E2-77A027E7F1D7}.Debug|x64.ActiveCfg = Debug|Any CPU
		{B0E10347-F680-44D0-82E2-77A027E7F1D7}.Debug|x64.Build.0 = Debug|Any CPU
		{B0E10347-F680-44D0-82E2-77A027E7F1D7}.Debug|x86.ActiveCfg = Debug|Any CPU
		{B0E10347-F680-44D0-82E2-77A027E7F1D7}.Debug|x86.Build.0 = Debug|Any CPU
		{B0E10347-F680-44D0-82E2-77A027E7F1D7}.Release|Any CPU.ActiveCfg = Release|Any CPU
		{B0E10347-F680-44D0-82E2-77A027E7F1D7}.Release|Any CPU.Build.0 = Release|Any CPU
		{B0E10347-F680-44D0-82E2-77A027E7F1D7}.Release|x64.ActiveCfg = Release|Any CPU
		{B0E10347-F680-44D0-82E2-77A027E7F1D7}.Release|x64.Build.0 = Release|Any CPU
		{B0E10347-F680-44D0-82E2-77A027E7F1D7}.Release|x86.ActiveCfg = Release|Any CPU
		{B0E10347-F680-44D0-82E2-77A027E7F1D7}.Release|x86.Build.0 = Release|Any CPU
	EndGlobalSection
	GlobalSection(SolutionProperties) = preSolution
		HideSolutionNode = FALSE
	EndGlobalSection
	GlobalSection(NestedProjects) = preSolution
		{AA20BEF9-2A65-CDA3-AEE4-6F8F477A29C8} = {B3FCB958-131A-5878-93F8-32BE540FF096}
		{87139B3E-87BB-4765-996E-CA5C94A005BA} = {AA20BEF9-2A65-CDA3-AEE4-6F8F477A29C8}
		{1ED8BB5D-4D46-4B42-82B4-E521E3E73212} = {AA20BEF9-2A65-CDA3-AEE4-6F8F477A29C8}
		{4A6C1894-DAB2-4220-A788-4F2E15CC5973} = {AA20BEF9-2A65-CDA3-AEE4-6F8F477A29C8}
		{0E921D30-5CBB-45A6-982D-B69F09DB6D3C} = {B3FCB958-131A-5878-93F8-32BE540FF096}
		{7146CF4C-957A-4D1A-A705-0C72C13590A0} = {B3FCB958-131A-5878-93F8-32BE540FF096}
		{7FFEB262-F23A-8582-146E-873242AAE6DF} = {B3FCB958-131A-5878-93F8-32BE540FF096}
		{647A1C79-ACFF-458C-B88F-C9225F09F2D8} = {7FFEB262-F23A-8582-146E-873242AAE6DF}
		{CB88FB9C-3C69-44D6-AB93-72D4D6F53CE2} = {7FFEB262-F23A-8582-146E-873242AAE6DF}
		{90A85E20-44AA-4257-8AC2-1830CC28B81E} = {7FFEB262-F23A-8582-146E-873242AAE6DF}
		{3FA5A51C-5F8F-4C06-A153-D78C8AF3FD3F} = {7FFEB262-F23A-8582-146E-873242AAE6DF}
		{EECCA79F-38F7-4B07-B882-336E37802625} = {7FFEB262-F23A-8582-146E-873242AAE6DF}
		{2B1F7C8D-49AA-4831-97FE-1854DC1A363A} = {7FFEB262-F23A-8582-146E-873242AAE6DF}
		{B0E10347-F680-44D0-82E2-77A027E7F1D7} = {7FFEB262-F23A-8582-146E-873242AAE6DF}
	EndGlobalSection
	GlobalSection(ExtensibilityGlobals) = postSolution
		SolutionGuid = {0AE48E95-D5F2-4D56-8A09-81FDCAD197B3}
	EndGlobalSection
EndGlobal
